{
  "originHash" : "94807237da2cb2854dfae934b73c319b4ac3db34e1e8d21fed2d61378d3bc758",
  "pins" : [
    {
      "identity" : "snappydatastructs_private",
      "kind" : "remoteSourceControl",
      "location" : "https://github.com/cacmartinez/SnappyDataStructs_private.git",
      "state" : {
        "branch" : "main",
        "revision" : "ad699d176ed0420acb34cae8fdee21a2cc9d36a7"
      }
    },
    {
      "identity" : "strategydispatchqueue_private",
      "kind" : "remoteSourceControl",
      "location" : "https://github.com/cacmartinez/StrategyDispatchQueue_private.git",
      "state" : {
        "branch" : "main",
        "revision" : "b3663219e75cda8cdca623546ea205f8e991ed78"
      }
    }
  ],
  "version" : 3
}
