{
  "originHash" : "e15b6f0bdc5fad6aba4ab48b73698d2efaee543965f96a56f87c0203151e2cbb",
  "pins" : [
    {
      "identity" : "snappydatastructs",
      "kind" : "remoteSourceControl",
      "location" : "https://github.com/cacmartinez/SnappyDataStructs.git",
      "state" : {
        "branch" : "main",
        "revision" : "f938cb2e206d084513629c14155b3fadbb5148e5"
      }
    },
    {
      "identity" : "strategydispatchqueue",
      "kind" : "remoteSourceControl",
      "location" : "https://github.com/cacmartinez/StrategyDispatchQueue.git",
      "state" : {
        "branch" : "main",
        "revision" : "248faab01735d4f9bf92842aeb62eb6604cf810a"
      }
    }
  ],
  "version" : 3
}
