{
  "originHash" : "94807237da2cb2854dfae934b73c319b4ac3db34e1e8d21fed2d61378d3bc758",
  "pins" : [
    {
      "identity" : "snappydatastructs_private",
      "kind" : "remoteSourceControl",
      "location" : "https://github.com/cacmartinez/SnappyDataStructs_private.git",
      "state" : {
        "branch" : "main",
        "revision" : "48db9e1c925a5f8a158ecf56b3101d7013314bb4"
      }
    },
    {
      "identity" : "strategydispatchqueue_private",
      "kind" : "remoteSourceControl",
      "location" : "https://github.com/cacmartinez/StrategyDispatchQueue_private.git",
      "state" : {
        "branch" : "main",
        "revision" : "8daed57558513487ca785f793146fdf5147b5eac"
      }
    }
  ],
  "version" : 3
}
